// !$*UTF8*$!
{
	archiveVersion = 1;
	classes = {
	};
	objectVersion = 50;
	objects = {

/* Begin PBXBuildFile section */
		85485E03219B3D05007D51C7 /* AppDelegate.swift in Sources */ = {isa = PBXBuildFile; fileRef = 85485E02219B3D05007D51C7 /* AppDelegate.swift */; };
		85485E05219B3D05007D51C7 /* ViewController.swift in Sources */ = {isa = PBXBuildFile; fileRef = 85485E04219B3D05007D51C7 /* ViewController.swift */; };
		85485E08219B3D05007D51C7 /* Main.storyboard in Resources */ = {isa = PBXBuildFile; fileRef = 85485E06219B3D05007D51C7 /* Main.storyboard */; };
		85485E0A219B3D0F007D51C7 /* Assets.xcassets in Resources */ = {isa = PBXBuildFile; fileRef = 85485E09219B3D0F007D51C7 /* Assets.xcassets */; };
		85485E0D219B3D0F007D51C7 /* LaunchScreen.storyboard in Resources */ = {isa = PBXBuildFile; fileRef = 85485E0B219B3D0F007D51C7 /* LaunchScreen.storyboard */; };
/* End PBXBuildFile section */

/* Begin PBXFileReference section */
		85485DFF219B3D05007D51C7 /* Thic Tok.app */ = {isa = PBXFileReference; explicitFileType = wrapper.application; includeInIndex = 0; path = "Thic Tok.app"; sourceTree = BUILT_PRODUCTS_DIR; };
		85485E02219B3D05007D51C7 /* AppDelegate.swift */ = {isa = PBXFileReference; lastKnownFileType = sourcecode.swift; path = AppDelegate.swift; sourceTree = "<group>"; };
		85485E04219B3D05007D51C7 /* ViewController.swift */ = {isa = PBXFileReference; lastKnownFileType = sourcecode.swift; path = ViewController.swift; sourceTree = "<group>"; };
		85485E07219B3D05007D51C7 /* Base */ = {isa = PBXFileReference; lastKnownFileType = file.storyboard; name = Base; path = Base.lproj/Main.storyboard; sourceTree = "<group>"; };
		85485E09219B3D0F007D51C7 /* Assets.xcassets */ = {isa = PBXFileReference; lastKnownFileType = folder.assetcatalog; path = Assets.xcassets; sourceTree = "<group>"; };
		85485E0C219B3D0F007D51C7 /* Base */ = {isa = PBXFileReference; lastKnownFileType = file.storyboard; name = Base; path = Base.lproj/LaunchScreen.storyboard; sourceTree = "<group>"; };
		85485E0E219B3D0F007D51C7 /* Info.plist */ = {isa = PBXFileReference; lastKnownFileType = text.plist.xml; path = Info.plist; sourceTree = "<group>"; };
/* End PBXFileReference section */

/* Begin PBXFrameworksBuildPhase section */
		85485DFC219B3D05007D51C7 /* Frameworks */ = {
			isa = PBXFrameworksBuildPhase;
			buildActionMask = 2147483647;
			files = (
			);
			runOnlyForDeploymentPostprocessing = 0;
		};
/* End PBXFrameworksBuildPhase section */

/* Begin PBXGroup section */
		85485DF6219B3D05007D51C7 = {
			isa = PBXGroup;
			children = (
				85485E01219B3D05007D51C7 /* Thic Tok */,
				85485E00219B3D05007D51C7 /* Products */,
			);
			sourceTree = "<group>";
		};
		85485E00219B3D05007D51C7 /* Products */ = {
			isa = PBXGroup;
			children = (
				85485DFF219B3D05007D51C7 /* Thic Tok.app */,
			);
			name = Products;
			sourceTree = "<group>";
		};
		85485E01219B3D05007D51C7 /* Thic Tok */ = {
			isa = PBXGroup;
			children = (
				85485E02219B3D05007D51C7 /* AppDelegate.swift */,
				85485E04219B3D05007D51C7 /* ViewController.swift */,
				85485E06219B3D05007D51C7 /* Main.storyboard */,
				85485E09219B3D0F007D51C7 /* Assets.xcassets */,
				85485E0B219B3D0F007D51C7 /* LaunchScreen.storyboard */,
				85485E0E219B3D0F007D51C7 /* Info.plist */,
			);
			path = "Thic Tok";
			sourceTree = "<group>";
		};
/* End PBXGroup section */

/* Begin PBXNativeTarget section */
		85485DFE219B3D05007D51C7 /* Thic Tok */ = {
			isa = PBXNativeTarget;
			buildConfigurationList = 85485E11219B3D0F007D51C7 /* Build configuration list for PBXNativeTarget "Thic Tok" */;
			buildPhases = (
				85485DFB219B3D05007D51C7 /* Sources */,
				85485DFC219B3D05007D51C7 /* Frameworks */,
				85485DFD219B3D05007D51C7 /* Resources */,
			);
			buildRules = (
			);
			dependencies = (
			);
			name = "Thic Tok";
			productName = "Thic Tok";
			productReference = 85485DFF219B3D05007D51C7 /* Thic Tok.app */;
			productType = "com.apple.product-type.application";
		};
/* End PBXNativeTarget section */

/* Begin PBXProject section */
		85485DF7219B3D05007D51C7 /* Project object */ = {
			isa = PBXProject;
			attributes = {
				LastSwiftUpdateCheck = 1000;
				LastUpgradeCheck = 1000;
				ORGANIZATIONNAME = "Matthew Harkey";
				TargetAttributes = {
					85485DFE219B3D05007D51C7 = {
						CreatedOnToolsVersion = 10.0;
					};
				};
			};
			buildConfigurationList = 85485DFA219B3D05007D51C7 /* Build configuration list for PBXProject "Thic Tok" */;
			compatibilityVersion = "Xcode 9.3";
			developmentRegion = en;
			hasScannedForEncodings = 0;
			knownRegions = (
				en,
				Base,
			);
			mainGroup = 85485DF6219B3D05007D51C7;
			productRefGroup = 85485E00219B3D05007D51C7 /* Products */;
			projectDirPath = "";
			projectRoot = "";
			targets = (
				85485DFE219B3D05007D51C7 /* Thic Tok */,
			);
		};
/* End PBXProject section */

/* Begin PBXResourcesBuildPhase section */
		85485DFD219B3D05007D51C7 /* Resources */ = {
			isa = PBXResourcesBuildPhase;
			buildActionMask = 2147483647;
			files = (
				85485E0D219B3D0F007D51C7 /* LaunchScreen.storyboard in Resources */,
				85485E0A219B3D0F007D51C7 /* Assets.xcassets in Resources */,
				85485E08219B3D05007D51C7 /* Main.storyboard in Resources */,
			);
			runOnlyForDeploymentPostprocessing = 0;
		};
/* End PBXResourcesBuildPhase section */

/* Begin PBXSourcesBuildPhase section */
		85485DFB219B3D05007D51C7 /* Sources */ = {
			isa = PBXSourcesBuildPhase;
			buildActionMask = 2147483647;
			files = (
				85485E05219B3D05007D51C7 /* ViewController.swift in Sources */,
				85485E03219B3D05007D51C7 /* AppDelegate.swift in Sources */,
			);
			runOnlyForDeploymentPostprocessing = 0;
		};
/* End PBXSourcesBuildPhase section */

/* Begin PBXVariantGroup section */
		85485E06219B3D05007D51C7 /* Main.storyboard */ = {
			isa = PBXVariantGroup;
			children = (
				85485E07219B3D05007D51C7 /* Base */,
			);
			name = Main.storyboard;
			sourceTree = "<group>";
		};
		85485E0B219B3D0F007D51C7 /* LaunchScreen.storyboard */ = {
			isa = PBXVariantGroup;
			children = (
				85485E0C219B3D0F007D51C7 /* Base */,
			);
			name = LaunchScreen.storyboard;
			sourceTree = "<group>";
		};
/* End PBXVariantGroup section */

/* Begin XCBuildConfiguration section */
		85485E0F219B3D0F007D51C7 /* Debug */ = {
			isa = XCBuildConfiguration;
			buildSettings = {
				ALWAYS_SEARCH_USER_PATHS = NO;
				CLANG_ANALYZER_NONNULL = YES;
				CLANG_ANALYZER_NUMBER_OBJECT_CONVERSION = YES_AGGRESSIVE;
				CLANG_CXX_LANGUAGE_STANDARD = "gnu++14";
				CLANG_CXX_LIBRARY = "libc++";
				CLANG_ENABLE_MODULES = YES;
				CLANG_ENABLE_OBJC_ARC = YES;
				CLANG_ENABLE_OBJC_WEAK = YES;
				CLANG_WARN_BLOCK_CAPTURE_AUTORELEASING = YES;
				CLANG_WARN_BOOL_CONVERSION = YES;
				CLANG_WARN_COMMA = YES;
				CLANG_WARN_CONSTANT_CONVERSION = YES;
				CLANG_WARN_DEPRECATED_OBJC_IMPLEMENTATIONS = YES;
				CLANG_WARN_DIRECT_OBJC_ISA_USAGE = YES_ERROR;
				CLANG_WARN_DOCUMENTATION_COMMENTS = YES;
				CLANG_WARN_EMPTY_BODY = YES;
				CLANG_WARN_ENUM_CONVERSION = YES;
				CLANG_WARN_INFINITE_RECURSION = YES;
				CLANG_WARN_INT_CONVERSION = YES;
				CLANG_WARN_NON_LITERAL_NULL_CONVERSION = YES;
				CLANG_WARN_OBJC_IMPLICIT_RETAIN_SELF = YES;
				CLANG_WARN_OBJC_LITERAL_CONVERSION = YES;
				CLANG_WARN_OBJC_ROOT_CLASS = YES_ERROR;
				CLANG_WARN_RANGE_LOOP_ANALYSIS = YES;
				CLANG_WARN_STRICT_PROTOTYPES = YES;
				CLANG_WARN_SUSPICIOUS_MOVE = YES;
				CLANG_WARN_UNGUARDED_AVAILABILITY = YES_AGGRESSIVE;
				CLANG_WARN_UNREACHABLE_CODE = YES;
				CLANG_WARN__DUPLICATE_METHOD_MATCH = YES;
				CODE_SIGN_IDENTITY = "iPhone Developer";
				COPY_PHASE_STRIP = NO;
				DEBUG_INFORMATION_FORMAT = dwarf;
				ENABLE_STRICT_OBJC_MSGSEND = YES;
				ENABLE_TESTABILITY = YES;
				GCC_C_LANGUAGE_STANDARD = gnu11;
				GCC_DYNAMIC_NO_PIC = NO;
				GCC_NO_COMMON_BLOCKS = YES;
				GCC_OPTIMIZATION_LEVEL = 0;
				GCC_PREPROCESSOR_DEFINITIONS = (
					"DEBUG=1",
					"$(inherited)",
				);
				GCC_WARN_64_TO_32_BIT_CONVERSION = YES;
				GCC_WARN_ABOUT_RETURN_TYPE = YES_ERROR;
				GCC_WARN_UNDECLARED_SELECTOR = YES;
				GCC_WARN_UNINITIALIZED_AUTOS = YES_AGGRESSIVE;
				GCC_WARN_UNUSED_FUNCTION = YES;
				GCC_WARN_UNUSED_VARIABLE = YES;
				IPHONEOS_DEPLOYMENT_TARGET = 12.0;
				MTL_ENABLE_DEBUG_INFO = INCLUDE_SOURCE;
				MTL_FAST_MATH = YES;
				ONLY_ACTIVE_ARCH = YES;
				SDKROOT = iphoneos;
				SWIFT_ACTIVE_COMPILATION_CONDITIONS = DEBUG;
				SWIFT_OPTIMIZATION_LEVEL = "-Onone";
			};
			name = Debug;
		};
		85485E10219B3D0F007D51C7 /* Release */ = {
			isa = XCBuildConfiguration;
			buildSettings = {
				ALWAYS_SEARCH_USER_PATHS = NO;
				CLANG_ANALYZER_NONNULL = YES;
				CLANG_ANALYZER_NUMBER_OBJECT_CONVERSION = YES_AGGRESSIVE;
				CLANG_CXX_LANGUAGE_STANDARD = "gnu++14";
				CLANG_CXX_LIBRARY = "libc++";
				CLANG_ENABLE_MODULES = YES;
				CLANG_ENABLE_OBJC_ARC = YES;
				CLANG_ENABLE_OBJC_WEAK = YES;
				CLANG_WARN_BLOCK_CAPTURE_AUTORELEASING = YES;
				CLANG_WARN_BOOL_CONVERSION = YES;
				CLANG_WARN_COMMA = YES;
				CLANG_WARN_CONSTANT_CONVERSION = YES;
				CLANG_WARN_DEPRECATED_OBJC_IMPLEMENTATIONS = YES;
				CLANG_WARN_DIRECT_OBJC_ISA_USAGE = YES_ERROR;
				CLANG_WARN_DOCUMENTATION_COMMENTS = YES;
				CLANG_WARN_EMPTY_BODY = YES;
				CLANG_WARN_ENUM_CONVERSION = YES;
				CLANG_WARN_INFINITE_RECURSION = YES;
				CLANG_WARN_INT_CONVERSION = YES;
				CLANG_WARN_NON_LITERAL_NULL_CONVERSION = YES;
				CLANG_WARN_OBJC_IMPLICIT_RETAIN_SELF = YES;
				CLANG_WARN_OBJC_LITERAL_CONVERSION = YES;
				CLANG_WARN_OBJC_ROOT_CLASS = YES_ERROR;
				CLANG_WARN_RANGE_LOOP_ANALYSIS = YES;
				CLANG_WARN_STRICT_PROTOTYPES = YES;
				CLANG_WARN_SUSPICIOUS_MOVE = YES;
				CLANG_WARN_UNGUARDED_AVAILABILITY = YES_AGGRESSIVE;
				CLANG_WARN_UNREACHABLE_CODE = YES;
				CLANG_WARN__DUPLICATE_METHOD_MATCH = YES;
				CODE_SIGN_IDENTITY = "iPhone Developer";
				COPY_PHASE_STRIP = NO;
				DEBUG_INFORMATION_FORMAT = "dwarf-with-dsym";
				ENABLE_NS_ASSERTIONS = NO;
				ENABLE_STRICT_OBJC_MSGSEND = YES;
				GCC_C_LANGUAGE_STANDARD = gnu11;
				GCC_NO_COMMON_BLOCKS = YES;
				GCC_WARN_64_TO_32_BIT_CONVERSION = YES;
				GCC_WARN_ABOUT_RETURN_TYPE = YES_ERROR;
				GCC_WARN_UNDECLARED_SELECTOR = YES;
				GCC_WARN_UNINITIALIZED_AUTOS = YES_AGGRESSIVE;
				GCC_WARN_UNUSED_FUNCTION = YES;
				GCC_WARN_UNUSED_VARIABLE = YES;
				IPHONEOS_DEPLOYMENT_TARGET = 12.0;
				MTL_ENABLE_DEBUG_INFO = NO;
				MTL_FAST_MATH = YES;
				SDKROOT = iphoneos;
				SWIFT_COMPILATION_MODE = wholemodule;
				SWIFT_OPTIMIZATION_LEVEL = "-O";
				VALIDATE_PRODUCT = YES;
			};
			name = Release;
		};
		85485E12219B3D0F007D51C7 /* Debug */ = {
			isa = XCBuildConfiguration;
			buildSettings = {
				ASSETCATALOG_COMPILER_APPICON_NAME = AppIcon;
				CODE_SIGN_STYLE = Automatic;
				DEVELOPMENT_TEAM = C22DQ34YHN;
				INFOPLIST_FILE = "Thic Tok/Info.plist";
				LD_RUNPATH_SEARCH_PATHS = (
					"$(inherited)",
					"@executable_path/Frameworks",
				);
				PRODUCT_BUNDLE_IDENTIFIER = "Skrt-Skrt-Games.Thic-Tok";
				PRODUCT_NAME = "$(TARGET_NAME)";
				SWIFT_VERSION = 4.2;
				TARGETED_DEVICE_FAMILY = "1,2";
			};
			name = Debug;
		};
		85485E13219B3D0F007D51C7 /* Release */ = {
			isa = XCBuildConfiguration;
			buildSettings = {
				ASSETCATALOG_COMPILER_APPICON_NAME = AppIcon;
				CODE_SIGN_STYLE = Automatic;
				DEVELOPMENT_TEAM = C22DQ34YHN;
				INFOPLIST_FILE = "Thic Tok/Info.plist";
				LD_RUNPATH_SEARCH_PATHS = (
					"$(inherited)",
					"@executable_path/Frameworks",
				);
				PRODUCT_BUNDLE_IDENTIFIER = "Skrt-Skrt-Games.Thic-Tok";
				PRODUCT_NAME = "$(TARGET_NAME)";
				SWIFT_VERSION = 4.2;
				TARGETED_DEVICE_FAMILY = "1,2";
			};
			name = Release;
		};
/* End XCBuildConfiguration section */

/* Begin XCConfigurationList section */
		85485DFA219B3D05007D51C7 /* Build configuration list for PBXProject "Thic Tok" */ = {
			isa = XCConfigurationList;
			buildConfigurations = (
				85485E0F219B3D0F007D51C7 /* Debug */,
				85485E10219B3D0F007D51C7 /* Release */,
			);
			defaultConfigurationIsVisible = 0;
			defaultConfigurationName = Release;
		};
		85485E11219B3D0F007D51C7 /* Build configuration list for PBXNativeTarget "Thic Tok" */ = {
			isa = XCConfigurationList;
			buildConfigurations = (
				85485E12219B3D0F007D51C7 /* Debug */,
				85485E13219B3D0F007D51C7 /* Release */,
			);
			defaultConfigurationIsVisible = 0;
			defaultConfigurationName = Release;
		};
/* End XCConfigurationList section */
	};
	rootObject = 85485DF7219B3D05007D51C7 /* Project object */;
}
